# This file is automatically @generated by Cargo.
# It is not intended for manual editing.
version = 3

[[package]]
name = "allocator"
version = "0.1.0"
source = "git+https://github.com/Ko-oK-OS/allocator.git#460e17ebb6550175105459edd4ff4d0075c3cfa1"
dependencies = [
 "bit_field",
]

[[package]]
name = "bcm2711"
version = "0.1.0"
dependencies = [
 "bit_field",
]

[[package]]
name = "bit_field"
version = "0.10.1"
source = "registry+https://github.com/rust-lang/crates.io-index"
checksum = "dcb6dd1c2376d2e096796e234a70e17e94cc2d5d54ff8ce42b28cef1d0d359a4"

[[package]]
name = "lazy_static"
version = "1.4.0"
source = "registry+https://github.com/rust-lang/crates.io-index"
checksum = "e2abad23fbc42b3700f2f279844dc832adb2b2eb069b2df918f455c4e18cc646"
dependencies = [
 "spin",
]

[[package]]
name = "raspi4-game"
version = "0.1.0"
dependencies = [
 "allocator",
 "bcm2711",
 "lazy_static",
 "spin",
]

[[package]]
name = "spin"
version = "0.5.2"
source = "registry+https://github.com/rust-lang/crates.io-index"
checksum = "6e63cff320ae2c57904679ba7cb63280a3dc4613885beafb148ee7bf9aa9042d"
